
Microsoft Visual Studio Solution File, Format Version 12.00
# Visual Studio Version 17
VisualStudioVersion = 17.5.002.0
MinimumVisualStudioVersion = 10.0.40219.1
Project("{9A19103F-16F7-4668-BE54-9A1E7A4F7556}") = "SeleniumTestProject", "SeleniumTestProject\SeleniumTestProject.csproj", "{D79D3806-C3E3-486E-A2C5-173A6607568E}"
EndProject
Global
	GlobalSection(SolutionConfigurationPlatforms) = preSolution
		Debug|Any CPU = Debug|Any CPU
		Release|Any CPU = Release|Any CPU
	EndGlobalSection
	GlobalSection(ProjectConfigurationPlatforms) = postSolution
		{D79D3806-C3E3-486E-A2C5-173A6607568E}.Debug|Any CPU.ActiveCfg = Debug|Any CPU
		{D79D3806-C3E3-486E-A2C5-173A6607568E}.Debug|Any CPU.Build.0 = Debug|Any CPU
		{D79D3806-C3E3-486E-A2C5-173A6607568E}.Release|Any CPU.ActiveCfg = Release|Any CPU
		{D79D3806-C3E3-486E-A2C5-173A6607568E}.Release|Any CPU.Build.0 = Release|Any CPU
	EndGlobalSection
	GlobalSection(SolutionProperties) = preSolution
		HideSolutionNode = FALSE
	EndGlobalSection
	GlobalSection(ExtensibilityGlobals) = postSolution
		SolutionGuid = {2F02692B-79DF-4C0C-9043-63B5FCCBE061}
	EndGlobalSection
EndGlobal
